
Microsoft Visual Studio Solution File, Format Version 12.00
# Visual Studio Version 16
VisualStudioVersion = 16.0.31911.196
MinimumVisualStudioVersion = 10.0.40219.1
Project("{FAE04EC0-301F-11D3-BF4B-00C04F79EFBC}") = "Day 6 declaring list , assign some values and find sum", "Day 6 declaring list , assign some values and find sum\Day 6 declaring list , assign some values and find sum.csproj", "{01644C84-F360-46E8-AF0E-8505D074E3B8}"
EndProject
Global
	GlobalSection(SolutionConfigurationPlatforms) = preSolution
		Debug|Any CPU = Debug|Any CPU
		Release|Any CPU = Release|Any CPU
	EndGlobalSection
	GlobalSection(ProjectConfigurationPlatforms) = postSolution
		{01644C84-F360-46E8-AF0E-8505D074E3B8}.Debug|Any CPU.ActiveCfg = Debug|Any CPU
		{01644C84-F360-46E8-AF0E-8505D074E3B8}.Debug|Any CPU.Build.0 = Debug|Any CPU
		{01644C84-F360-46E8-AF0E-8505D074E3B8}.Release|Any CPU.ActiveCfg = Release|Any CPU
		{01644C84-F360-46E8-AF0E-8505D074E3B8}.Release|Any CPU.Build.0 = Release|Any CPU
	EndGlobalSection
	GlobalSection(SolutionProperties) = preSolution
		HideSolutionNode = FALSE
	EndGlobalSection
	GlobalSection(ExtensibilityGlobals) = postSolution
		SolutionGuid = {A1F65F81-6741-498F-90E5-86421EF3F884}
	EndGlobalSection
EndGlobal
