
Microsoft Visual Studio Solution File, Format Version 12.00
# Visual Studio Version 16
VisualStudioVersion = 16.0.31911.196
MinimumVisualStudioVersion = 10.0.40219.1
Project("{FAE04EC0-301F-11D3-BF4B-00C04F79EFBC}") = "Initialize the array with 5 values and their sum", "Initialize the array with 5 values and their sum\Initialize the array with 5 values and their sum.csproj", "{9163AEA7-C20B-4FF9-B1C7-EF9D4D1678B7}"
EndProject
Global
	GlobalSection(SolutionConfigurationPlatforms) = preSolution
		Debug|Any CPU = Debug|Any CPU
		Release|Any CPU = Release|Any CPU
	EndGlobalSection
	GlobalSection(ProjectConfigurationPlatforms) = postSolution
		{9163AEA7-C20B-4FF9-B1C7-EF9D4D1678B7}.Debug|Any CPU.ActiveCfg = Debug|Any CPU
		{9163AEA7-C20B-4FF9-B1C7-EF9D4D1678B7}.Debug|Any CPU.Build.0 = Debug|Any CPU
		{9163AEA7-C20B-4FF9-B1C7-EF9D4D1678B7}.Release|Any CPU.ActiveCfg = Release|Any CPU
		{9163AEA7-C20B-4FF9-B1C7-EF9D4D1678B7}.Release|Any CPU.Build.0 = Release|Any CPU
	EndGlobalSection
	GlobalSection(SolutionProperties) = preSolution
		HideSolutionNode = FALSE
	EndGlobalSection
	GlobalSection(ExtensibilityGlobals) = postSolution
		SolutionGuid = {CC0B34BB-2507-4E01-A945-BD5EA1CA487D}
	EndGlobalSection
EndGlobal
