
Microsoft Visual Studio Solution File, Format Version 12.00
# Visual Studio Version 16
VisualStudioVersion = 16.0.31911.196
MinimumVisualStudioVersion = 10.0.40219.1
Project("{FAE04EC0-301F-11D3-BF4B-00C04F79EFBC}") = "Day 16 project 5", "Day 16 project 5\Day 16 project 5.csproj", "{B7CC197E-37B3-488F-BD71-F51399058140}"
EndProject
Global
	GlobalSection(SolutionConfigurationPlatforms) = preSolution
		Debug|Any CPU = Debug|Any CPU
		Release|Any CPU = Release|Any CPU
	EndGlobalSection
	GlobalSection(ProjectConfigurationPlatforms) = postSolution
		{B7CC197E-37B3-488F-BD71-F51399058140}.Debug|Any CPU.ActiveCfg = Debug|Any CPU
		{B7CC197E-37B3-488F-BD71-F51399058140}.Debug|Any CPU.Build.0 = Debug|Any CPU
		{B7CC197E-37B3-488F-BD71-F51399058140}.Release|Any CPU.ActiveCfg = Release|Any CPU
		{B7CC197E-37B3-488F-BD71-F51399058140}.Release|Any CPU.Build.0 = Release|Any CPU
	EndGlobalSection
	GlobalSection(SolutionProperties) = preSolution
		HideSolutionNode = FALSE
	EndGlobalSection
	GlobalSection(ExtensibilityGlobals) = postSolution
		SolutionGuid = {05E42530-C659-4F57-8314-5AA0BA6B3B26}
	EndGlobalSection
EndGlobal
