
Microsoft Visual Studio Solution File, Format Version 12.00
# Visual Studio Version 16
VisualStudioVersion = 16.0.31911.196
MinimumVisualStudioVersion = 10.0.40219.1
Project("{FAE04EC0-301F-11D3-BF4B-00C04F79EFBC}") = "AKLibrary", "AKLibrary\AKLibrary.csproj", "{2FFF7271-424C-4A73-96E0-541C1026C4BD}"
EndProject
Project("{FAE04EC0-301F-11D3-BF4B-00C04F79EFBC}") = "ArunKLibrary", "ArunKLibrary\ArunKLibrary.csproj", "{50C6665E-7724-463B-90C6-481101083BA3}"
EndProject
Project("{FAE04EC0-301F-11D3-BF4B-00C04F79EFBC}") = "Consoleappp", "Consoleappp\Consoleappp.csproj", "{211DAA9D-034E-47A6-A634-303E93DD5817}"
EndProject
Project("{FAE04EC0-301F-11D3-BF4B-00C04F79EFBC}") = "WindowsFormsApp", "WindowsFormsApp\WindowsFormsApp.csproj", "{C191CF70-4186-4B99-9835-C6B2CC44A5EB}"
EndProject
Project("{FAE04EC0-301F-11D3-BF4B-00C04F79EFBC}") = "ArunKLibraryTests", "ArunKLibraryTests\ArunKLibraryTests.csproj", "{9E64E4CB-E660-44D2-9429-8465BA6FA419}"
EndProject
Global
	GlobalSection(SolutionConfigurationPlatforms) = preSolution
		Debug|Any CPU = Debug|Any CPU
		Release|Any CPU = Release|Any CPU
	EndGlobalSection
	GlobalSection(ProjectConfigurationPlatforms) = postSolution
		{2FFF7271-424C-4A73-96E0-541C1026C4BD}.Debug|Any CPU.ActiveCfg = Debug|Any CPU
		{2FFF7271-424C-4A73-96E0-541C1026C4BD}.Debug|Any CPU.Build.0 = Debug|Any CPU
		{2FFF7271-424C-4A73-96E0-541C1026C4BD}.Release|Any CPU.ActiveCfg = Release|Any CPU
		{2FFF7271-424C-4A73-96E0-541C1026C4BD}.Release|Any CPU.Build.0 = Release|Any CPU
		{50C6665E-7724-463B-90C6-481101083BA3}.Debug|Any CPU.ActiveCfg = Debug|Any CPU
		{50C6665E-7724-463B-90C6-481101083BA3}.Debug|Any CPU.Build.0 = Debug|Any CPU
		{50C6665E-7724-463B-90C6-481101083BA3}.Release|Any CPU.ActiveCfg = Release|Any CPU
		{50C6665E-7724-463B-90C6-481101083BA3}.Release|Any CPU.Build.0 = Release|Any CPU
		{211DAA9D-034E-47A6-A634-303E93DD5817}.Debug|Any CPU.ActiveCfg = Debug|Any CPU
		{211DAA9D-034E-47A6-A634-303E93DD5817}.Debug|Any CPU.Build.0 = Debug|Any CPU
		{211DAA9D-034E-47A6-A634-303E93DD5817}.Release|Any CPU.ActiveCfg = Release|Any CPU
		{211DAA9D-034E-47A6-A634-303E93DD5817}.Release|Any CPU.Build.0 = Release|Any CPU
		{C191CF70-4186-4B99-9835-C6B2CC44A5EB}.Debug|Any CPU.ActiveCfg = Debug|Any CPU
		{C191CF70-4186-4B99-9835-C6B2CC44A5EB}.Debug|Any CPU.Build.0 = Debug|Any CPU
		{C191CF70-4186-4B99-9835-C6B2CC44A5EB}.Release|Any CPU.ActiveCfg = Release|Any CPU
		{C191CF70-4186-4B99-9835-C6B2CC44A5EB}.Release|Any CPU.Build.0 = Release|Any CPU
		{9E64E4CB-E660-44D2-9429-8465BA6FA419}.Debug|Any CPU.ActiveCfg = Debug|Any CPU
		{9E64E4CB-E660-44D2-9429-8465BA6FA419}.Debug|Any CPU.Build.0 = Debug|Any CPU
		{9E64E4CB-E660-44D2-9429-8465BA6FA419}.Release|Any CPU.ActiveCfg = Release|Any CPU
		{9E64E4CB-E660-44D2-9429-8465BA6FA419}.Release|Any CPU.Build.0 = Release|Any CPU
	EndGlobalSection
	GlobalSection(SolutionProperties) = preSolution
		HideSolutionNode = FALSE
	EndGlobalSection
	GlobalSection(ExtensibilityGlobals) = postSolution
		SolutionGuid = {44C13DD2-7E2C-45E2-8EC1-C2A2ACBD3148}
	EndGlobalSection
EndGlobal
