
Microsoft Visual Studio Solution File, Format Version 12.00
# Visual Studio Version 16
VisualStudioVersion = 16.0.31911.196
MinimumVisualStudioVersion = 10.0.40219.1
Project("{FAE04EC0-301F-11D3-BF4B-00C04F79EFBC}") = "CallByValue", "CallByValue\CallByValue.csproj", "{9861D221-D87C-4147-B57B-758178C13A08}"
EndProject
Global
	GlobalSection(SolutionConfigurationPlatforms) = preSolution
		Debug|Any CPU = Debug|Any CPU
		Release|Any CPU = Release|Any CPU
	EndGlobalSection
	GlobalSection(ProjectConfigurationPlatforms) = postSolution
		{9861D221-D87C-4147-B57B-758178C13A08}.Debug|Any CPU.ActiveCfg = Debug|Any CPU
		{9861D221-D87C-4147-B57B-758178C13A08}.Debug|Any CPU.Build.0 = Debug|Any CPU
		{9861D221-D87C-4147-B57B-758178C13A08}.Release|Any CPU.ActiveCfg = Release|Any CPU
		{9861D221-D87C-4147-B57B-758178C13A08}.Release|Any CPU.Build.0 = Release|Any CPU
	EndGlobalSection
	GlobalSection(SolutionProperties) = preSolution
		HideSolutionNode = FALSE
	EndGlobalSection
	GlobalSection(ExtensibilityGlobals) = postSolution
		SolutionGuid = {226A9D76-2944-49CF-9B3C-9C84FFBB9BE5}
	EndGlobalSection
EndGlobal
