
Microsoft Visual Studio Solution File, Format Version 12.00
# Visual Studio Version 16
VisualStudioVersion = 16.0.31911.196
MinimumVisualStudioVersion = 10.0.40219.1
Project("{FAE04EC0-301F-11D3-BF4B-00C04F79EFBC}") = "Arun_Library", "Arun_Library\Arun_Library.csproj", "{C6012C50-4D2F-411A-B134-2710BCFBFA51}"
EndProject
Project("{FAE04EC0-301F-11D3-BF4B-00C04F79EFBC}") = "Consoleapp", "Consoleapp\Consoleapp.csproj", "{A6569AB4-AC4D-4D61-84AC-BB6C1653C540}"
EndProject
Global
	GlobalSection(SolutionConfigurationPlatforms) = preSolution
		Debug|Any CPU = Debug|Any CPU
		Release|Any CPU = Release|Any CPU
	EndGlobalSection
	GlobalSection(ProjectConfigurationPlatforms) = postSolution
		{C6012C50-4D2F-411A-B134-2710BCFBFA51}.Debug|Any CPU.ActiveCfg = Debug|Any CPU
		{C6012C50-4D2F-411A-B134-2710BCFBFA51}.Debug|Any CPU.Build.0 = Debug|Any CPU
		{C6012C50-4D2F-411A-B134-2710BCFBFA51}.Release|Any CPU.ActiveCfg = Release|Any CPU
		{C6012C50-4D2F-411A-B134-2710BCFBFA51}.Release|Any CPU.Build.0 = Release|Any CPU
		{A6569AB4-AC4D-4D61-84AC-BB6C1653C540}.Debug|Any CPU.ActiveCfg = Debug|Any CPU
		{A6569AB4-AC4D-4D61-84AC-BB6C1653C540}.Debug|Any CPU.Build.0 = Debug|Any CPU
		{A6569AB4-AC4D-4D61-84AC-BB6C1653C540}.Release|Any CPU.ActiveCfg = Release|Any CPU
		{A6569AB4-AC4D-4D61-84AC-BB6C1653C540}.Release|Any CPU.Build.0 = Release|Any CPU
	EndGlobalSection
	GlobalSection(SolutionProperties) = preSolution
		HideSolutionNode = FALSE
	EndGlobalSection
	GlobalSection(ExtensibilityGlobals) = postSolution
		SolutionGuid = {0EBD46BD-C18F-49DD-9A84-8DF687B28CC7}
	EndGlobalSection
EndGlobal
