
Microsoft Visual Studio Solution File, Format Version 12.00
# Visual Studio Version 16
VisualStudioVersion = 16.0.31911.196
MinimumVisualStudioVersion = 10.0.40219.1
Project("{FAE04EC0-301F-11D3-BF4B-00C04F79EFBC}") = "Day 3 factorial of n number decrement model", "Day 3 factorial of n number decrement model\Day 3 factorial of n number decrement model.csproj", "{EFAD073D-0442-483A-8C58-CF7843E0326C}"
EndProject
Global
	GlobalSection(SolutionConfigurationPlatforms) = preSolution
		Debug|Any CPU = Debug|Any CPU
		Release|Any CPU = Release|Any CPU
	EndGlobalSection
	GlobalSection(ProjectConfigurationPlatforms) = postSolution
		{EFAD073D-0442-483A-8C58-CF7843E0326C}.Debug|Any CPU.ActiveCfg = Debug|Any CPU
		{EFAD073D-0442-483A-8C58-CF7843E0326C}.Debug|Any CPU.Build.0 = Debug|Any CPU
		{EFAD073D-0442-483A-8C58-CF7843E0326C}.Release|Any CPU.ActiveCfg = Release|Any CPU
		{EFAD073D-0442-483A-8C58-CF7843E0326C}.Release|Any CPU.Build.0 = Release|Any CPU
	EndGlobalSection
	GlobalSection(SolutionProperties) = preSolution
		HideSolutionNode = FALSE
	EndGlobalSection
	GlobalSection(ExtensibilityGlobals) = postSolution
		SolutionGuid = {B5DB37B7-C729-4418-A19E-22F2FD37E51F}
	EndGlobalSection
EndGlobal
