
Microsoft Visual Studio Solution File, Format Version 12.00
# Visual Studio Version 16
VisualStudioVersion = 16.0.31911.196
MinimumVisualStudioVersion = 10.0.40219.1
Project("{FAE04EC0-301F-11D3-BF4B-00C04F79EFBC}") = "Day 2 Multiplication table", "Day 2 Multiplication table\Day 2 Multiplication table.csproj", "{E4F23298-0DBD-43A8-A39C-EFF388C6227D}"
EndProject
Global
	GlobalSection(SolutionConfigurationPlatforms) = preSolution
		Debug|Any CPU = Debug|Any CPU
		Release|Any CPU = Release|Any CPU
	EndGlobalSection
	GlobalSection(ProjectConfigurationPlatforms) = postSolution
		{E4F23298-0DBD-43A8-A39C-EFF388C6227D}.Debug|Any CPU.ActiveCfg = Debug|Any CPU
		{E4F23298-0DBD-43A8-A39C-EFF388C6227D}.Debug|Any CPU.Build.0 = Debug|Any CPU
		{E4F23298-0DBD-43A8-A39C-EFF388C6227D}.Release|Any CPU.ActiveCfg = Release|Any CPU
		{E4F23298-0DBD-43A8-A39C-EFF388C6227D}.Release|Any CPU.Build.0 = Release|Any CPU
	EndGlobalSection
	GlobalSection(SolutionProperties) = preSolution
		HideSolutionNode = FALSE
	EndGlobalSection
	GlobalSection(ExtensibilityGlobals) = postSolution
		SolutionGuid = {1A05EDD0-A91E-4354-8504-7A1AA8B429B1}
	EndGlobalSection
EndGlobal
