
Microsoft Visual Studio Solution File, Format Version 12.00
# Visual Studio Version 16
VisualStudioVersion = 16.0.31911.196
MinimumVisualStudioVersion = 10.0.40219.1
Project("{FAE04EC0-301F-11D3-BF4B-00C04F79EFBC}") = "Day8 project4", "Day8 project4\Day8 project4.csproj", "{3825980F-CF62-4BA9-8645-7B9D7569D4CD}"
EndProject
Global
	GlobalSection(SolutionConfigurationPlatforms) = preSolution
		Debug|Any CPU = Debug|Any CPU
		Release|Any CPU = Release|Any CPU
	EndGlobalSection
	GlobalSection(ProjectConfigurationPlatforms) = postSolution
		{3825980F-CF62-4BA9-8645-7B9D7569D4CD}.Debug|Any CPU.ActiveCfg = Debug|Any CPU
		{3825980F-CF62-4BA9-8645-7B9D7569D4CD}.Debug|Any CPU.Build.0 = Debug|Any CPU
		{3825980F-CF62-4BA9-8645-7B9D7569D4CD}.Release|Any CPU.ActiveCfg = Release|Any CPU
		{3825980F-CF62-4BA9-8645-7B9D7569D4CD}.Release|Any CPU.Build.0 = Release|Any CPU
	EndGlobalSection
	GlobalSection(SolutionProperties) = preSolution
		HideSolutionNode = FALSE
	EndGlobalSection
	GlobalSection(ExtensibilityGlobals) = postSolution
		SolutionGuid = {CCC0C9CD-AE80-4A9F-89EB-71A047CAA87B}
	EndGlobalSection
EndGlobal
