
Microsoft Visual Studio Solution File, Format Version 12.00
# Visual Studio Version 16
VisualStudioVersion = 16.0.31911.196
MinimumVisualStudioVersion = 10.0.40219.1
Project("{FAE04EC0-301F-11D3-BF4B-00C04F79EFBC}") = "Day 6 List t , read and find sum using 3 loops", "Day 6 List t , read and find sum using 3 loops\Day 6 List t , read and find sum using 3 loops.csproj", "{8F229CCC-9095-4CF0-9CC7-5993C5B41E2D}"
EndProject
Global
	GlobalSection(SolutionConfigurationPlatforms) = preSolution
		Debug|Any CPU = Debug|Any CPU
		Release|Any CPU = Release|Any CPU
	EndGlobalSection
	GlobalSection(ProjectConfigurationPlatforms) = postSolution
		{8F229CCC-9095-4CF0-9CC7-5993C5B41E2D}.Debug|Any CPU.ActiveCfg = Debug|Any CPU
		{8F229CCC-9095-4CF0-9CC7-5993C5B41E2D}.Debug|Any CPU.Build.0 = Debug|Any CPU
		{8F229CCC-9095-4CF0-9CC7-5993C5B41E2D}.Release|Any CPU.ActiveCfg = Release|Any CPU
		{8F229CCC-9095-4CF0-9CC7-5993C5B41E2D}.Release|Any CPU.Build.0 = Release|Any CPU
	EndGlobalSection
	GlobalSection(SolutionProperties) = preSolution
		HideSolutionNode = FALSE
	EndGlobalSection
	GlobalSection(ExtensibilityGlobals) = postSolution
		SolutionGuid = {D0B1828F-F5FD-4582-A951-A9399DBAD5FD}
	EndGlobalSection
EndGlobal
