
Microsoft Visual Studio Solution File, Format Version 12.00
# Visual Studio Version 16
VisualStudioVersion = 16.0.31911.196
MinimumVisualStudioVersion = 10.0.40219.1
Project("{FAE04EC0-301F-11D3-BF4B-00C04F79EFBC}") = "Day 2 Hello program using While", "Day 2 Hello program using While\Day 2 Hello program using While.csproj", "{923226D4-10BC-4FF2-A739-48AC2ABD19FC}"
EndProject
Global
	GlobalSection(SolutionConfigurationPlatforms) = preSolution
		Debug|Any CPU = Debug|Any CPU
		Release|Any CPU = Release|Any CPU
	EndGlobalSection
	GlobalSection(ProjectConfigurationPlatforms) = postSolution
		{923226D4-10BC-4FF2-A739-48AC2ABD19FC}.Debug|Any CPU.ActiveCfg = Debug|Any CPU
		{923226D4-10BC-4FF2-A739-48AC2ABD19FC}.Debug|Any CPU.Build.0 = Debug|Any CPU
		{923226D4-10BC-4FF2-A739-48AC2ABD19FC}.Release|Any CPU.ActiveCfg = Release|Any CPU
		{923226D4-10BC-4FF2-A739-48AC2ABD19FC}.Release|Any CPU.Build.0 = Release|Any CPU
	EndGlobalSection
	GlobalSection(SolutionProperties) = preSolution
		HideSolutionNode = FALSE
	EndGlobalSection
	GlobalSection(ExtensibilityGlobals) = postSolution
		SolutionGuid = {A36236BB-FBFC-4475-8C12-C78EEB98AD2D}
	EndGlobalSection
EndGlobal
