
Microsoft Visual Studio Solution File, Format Version 12.00
# Visual Studio Version 16
VisualStudioVersion = 16.0.31911.196
MinimumVisualStudioVersion = 10.0.40219.1
Project("{FAE04EC0-301F-11D3-BF4B-00C04F79EFBC}") = "Day 3 Factorial of a given number", "Day 3 Factorial of a given number\Day 3 Factorial of a given number.csproj", "{2F65DE6E-CD86-449C-AD9A-C096BFA1C669}"
EndProject
Global
	GlobalSection(SolutionConfigurationPlatforms) = preSolution
		Debug|Any CPU = Debug|Any CPU
		Release|Any CPU = Release|Any CPU
	EndGlobalSection
	GlobalSection(ProjectConfigurationPlatforms) = postSolution
		{2F65DE6E-CD86-449C-AD9A-C096BFA1C669}.Debug|Any CPU.ActiveCfg = Debug|Any CPU
		{2F65DE6E-CD86-449C-AD9A-C096BFA1C669}.Debug|Any CPU.Build.0 = Debug|Any CPU
		{2F65DE6E-CD86-449C-AD9A-C096BFA1C669}.Release|Any CPU.ActiveCfg = Release|Any CPU
		{2F65DE6E-CD86-449C-AD9A-C096BFA1C669}.Release|Any CPU.Build.0 = Release|Any CPU
	EndGlobalSection
	GlobalSection(SolutionProperties) = preSolution
		HideSolutionNode = FALSE
	EndGlobalSection
	GlobalSection(ExtensibilityGlobals) = postSolution
		SolutionGuid = {E22A21A1-EA9D-4380-A17B-356CB07A951C}
	EndGlobalSection
EndGlobal
