
Microsoft Visual Studio Solution File, Format Version 12.00
# Visual Studio Version 16
VisualStudioVersion = 16.0.31911.196
MinimumVisualStudioVersion = 10.0.40219.1
Project("{FAE04EC0-301F-11D3-BF4B-00C04F79EFBC}") = "Day 13 Project 7", "Day 13 Project 7\Day 13 Project 7.csproj", "{7F202C2E-3A82-4040-8903-81360DAB0DB9}"
EndProject
Global
	GlobalSection(SolutionConfigurationPlatforms) = preSolution
		Debug|Any CPU = Debug|Any CPU
		Release|Any CPU = Release|Any CPU
	EndGlobalSection
	GlobalSection(ProjectConfigurationPlatforms) = postSolution
		{7F202C2E-3A82-4040-8903-81360DAB0DB9}.Debug|Any CPU.ActiveCfg = Debug|Any CPU
		{7F202C2E-3A82-4040-8903-81360DAB0DB9}.Debug|Any CPU.Build.0 = Debug|Any CPU
		{7F202C2E-3A82-4040-8903-81360DAB0DB9}.Release|Any CPU.ActiveCfg = Release|Any CPU
		{7F202C2E-3A82-4040-8903-81360DAB0DB9}.Release|Any CPU.Build.0 = Release|Any CPU
	EndGlobalSection
	GlobalSection(SolutionProperties) = preSolution
		HideSolutionNode = FALSE
	EndGlobalSection
	GlobalSection(ExtensibilityGlobals) = postSolution
		SolutionGuid = {E0D6A171-86E7-443F-BD98-02416D9AD9ED}
	EndGlobalSection
EndGlobal
